
Microsoft Visual Studio Solution File, Format Version 12.00
# Visual Studio Version 17
VisualStudioVersion = 17.8.34511.84
MinimumVisualStudioVersion = 10.0.40219.1
Project("{FAE04EC0-301F-11D3-BF4B-00C04F79EFBC}") = "RobotFx.WebMvc", "RobotFx.WebMvc\RobotFx.WebMvc.csproj", "{765EBE8E-3A61-4968-B445-F29346469289}"
EndProject
Project("{FAE04EC0-301F-11D3-BF4B-00C04F79EFBC}") = "RobotFx.DoMain", "RobotFx.DoMain\RobotFx.DoMain.csproj", "{2C3F785A-2E63-4118-A7DE-B517E6EDC22F}"
EndProject
Project("{FAE04EC0-301F-11D3-BF4B-00C04F79EFBC}") = "RobotFx.Repositories", "RobotFx.Repositories\RobotFx.Repositories.csproj", "{9E3033F8-7311-4124-9D3B-1C5C34ADA50A}"
EndProject
Global
	GlobalSection(SolutionConfigurationPlatforms) = preSolution
		Debug|Any CPU = Debug|Any CPU
		Release|Any CPU = Release|Any CPU
	EndGlobalSection
	GlobalSection(ProjectConfigurationPlatforms) = postSolution
		{765EBE8E-3A61-4968-B445-F29346469289}.Debug|Any CPU.ActiveCfg = Debug|Any CPU
		{765EBE8E-3A61-4968-B445-F29346469289}.Debug|Any CPU.Build.0 = Debug|Any CPU
		{765EBE8E-3A61-4968-B445-F29346469289}.Release|Any CPU.ActiveCfg = Release|Any CPU
		{765EBE8E-3A61-4968-B445-F29346469289}.Release|Any CPU.Build.0 = Release|Any CPU
		{2C3F785A-2E63-4118-A7DE-B517E6EDC22F}.Debug|Any CPU.ActiveCfg = Debug|Any CPU
		{2C3F785A-2E63-4118-A7DE-B517E6EDC22F}.Debug|Any CPU.Build.0 = Debug|Any CPU
		{2C3F785A-2E63-4118-A7DE-B517E6EDC22F}.Release|Any CPU.ActiveCfg = Release|Any CPU
		{2C3F785A-2E63-4118-A7DE-B517E6EDC22F}.Release|Any CPU.Build.0 = Release|Any CPU
		{9E3033F8-7311-4124-9D3B-1C5C34ADA50A}.Debug|Any CPU.ActiveCfg = Debug|Any CPU
		{9E3033F8-7311-4124-9D3B-1C5C34ADA50A}.Debug|Any CPU.Build.0 = Debug|Any CPU
		{9E3033F8-7311-4124-9D3B-1C5C34ADA50A}.Release|Any CPU.ActiveCfg = Release|Any CPU
		{9E3033F8-7311-4124-9D3B-1C5C34ADA50A}.Release|Any CPU.Build.0 = Release|Any CPU
	EndGlobalSection
	GlobalSection(SolutionProperties) = preSolution
		HideSolutionNode = FALSE
	EndGlobalSection
	GlobalSection(ExtensibilityGlobals) = postSolution
		SolutionGuid = {1627FA17-CEE7-49F5-9A91-E336C6DFF48E}
	EndGlobalSection
EndGlobal
